{
  "name": "dsh-remote-control",
  "version": "0.3.2",
  "lockfileVersion": 3,
  "requires": true,
  "packages": {
    "": {
      "name": "dsh-remote-control",
      "version": "0.3.2",
      "license": "MIT",
      "bin": {
        "dsh-model-gateway": "bin/dsh-model-gateway.mjs",
        "dsh-remote-artifact-installer": "bin/dsh-remote-artifact-installer.mjs",
        "dsh-remote-dsh-installer": "bin/dsh-remote-dsh-installer.mjs",
        "dsh-remote-host": "bin/dsh-remote-host.mjs",
        "dsh-remote-host-installer": "bin/dsh-remote-host-installer.mjs"
      },
      "engines": {
        "node": ">=22"
      },
      "peerDependencies": {
        "@deepseek-ai/dsh-tools": ">=0.1.0-rc.6 || 0.1.5-rc.2 || 0.2.0-rc.2",
        "@deepseek-ai/schemastery": "3.18.2 || ~3.18.4",
        "dsh-session-control": ">=0.8.0 <0.9.0"
      }
    }
  }
}
