{
  "name": "dsh-recipe-fixture",
  "version": "0.0.0",
  "lockfileVersion": 3,
  "requires": true,
  "packages": {
    "": {
      "name": "dsh-recipe-fixture",
      "version": "0.0.0",
      "dependencies": {
        "@deepseek-ai/dsh": "0.1.1-rc.2",
        "@deepseek-ai/required-peer": "0.1.1-rc.2"
      }
    },
    "node_modules/@deepseek-ai/dsh": {
      "version": "0.1.1-rc.2",
      "peerDependencies": {
        "@deepseek-ai/required-peer": "^0.1.1-rc.2"
      }
    },
    "node_modules/@deepseek-ai/required-peer": {
      "version": "0.1.1-rc.2"
    }
  }
}
